
Microsoft Visual Studio Solution File, Format Version 12.00
# Visual Studio 15
VisualStudioVersion = 15.0.27130.2024
MinimumVisualStudioVersion = 10.0.40219.1
Project("{FAE04EC0-301F-11D3-BF4B-00C04F79EFBC}") = "ConsoleApp1", "ConsoleApp1\ConsoleApp1.csproj", "{F272C504-373D-4095-A39B-602DEC7F1A51}"
EndProject
Global
	GlobalSection(SolutionConfigurationPlatforms) = preSolution
		Debug|Any CPU = Debug|Any CPU
		Release|Any CPU = Release|Any CPU
	EndGlobalSection
	GlobalSection(ProjectConfigurationPlatforms) = postSolution
		{F272C504-373D-4095-A39B-602DEC7F1A51}.Debug|Any CPU.ActiveCfg = Debug|Any CPU
		{F272C504-373D-4095-A39B-602DEC7F1A51}.Debug|Any CPU.Build.0 = Debug|Any CPU
		{F272C504-373D-4095-A39B-602DEC7F1A51}.Release|Any CPU.ActiveCfg = Release|Any CPU
		{F272C504-373D-4095-A39B-602DEC7F1A51}.Release|Any CPU.Build.0 = Release|Any CPU
	EndGlobalSection
	GlobalSection(SolutionProperties) = preSolution
		HideSolutionNode = FALSE
	EndGlobalSection
	GlobalSection(ExtensibilityGlobals) = postSolution
		SolutionGuid = {90C698C8-7AA2-47AE-B8BD-5E80F0197ECE}
	EndGlobalSection
EndGlobal
